// !$*UTF8*$!
{
	archiveVersion = 1;
	classes = {
	};
	objectVersion = 56;
	objects = {

/* Begin PBXBuildFile section */
		DA647D802B04CD2E00E3C533 /* habitsApp.swift in Sources */ = {isa = PBXBuildFile; fileRef = DA647D7F2B04CD2E00E3C533 /* habitsApp.swift */; };
		DA647D822B04CD2E00E3C533 /* ContentView.swift in Sources */ = {isa = PBXBuildFile; fileRef = DA647D812B04CD2E00E3C533 /* ContentView.swift */; };
		DA647D842B04CD2F00E3C533 /* Assets.xcassets in Resources */ = {isa = PBXBuildFile; fileRef = DA647D832B04CD2F00E3C533 /* Assets.xcassets */; };
		DA647D872B04CD2F00E3C533 /* Preview Assets.xcassets in Resources */ = {isa = PBXBuildFile; fileRef = DA647D862B04CD2F00E3C533 /* Preview Assets.xcassets */; };
		DA647D902B04CE2900E3C533 /* HabitModel.swift in Sources */ = {isa = PBXBuildFile; fileRef = DA647D8F2B04CE2900E3C533 /* HabitModel.swift */; };
		DA647D942B04DF3D00E3C533 /* EditHabitView.swift in Sources */ = {isa = PBXBuildFile; fileRef = DA647D932B04DF3D00E3C533 /* EditHabitView.swift */; };
		DA647D962B0628C500E3C533 /* HabitDetailView.swift in Sources */ = {isa = PBXBuildFile; fileRef = DA647D952B0628C500E3C533 /* HabitDetailView.swift */; };
		DA647D982B0B8B4E00E3C533 /* CircularProgressBarView.swift in Sources */ = {isa = PBXBuildFile; fileRef = DA647D972B0B8B4E00E3C533 /* CircularProgressBarView.swift */; };
/* End PBXBuildFile section */

/* Begin PBXFileReference section */
		DA647D7C2B04CD2E00E3C533 /* habits.app */ = {isa = PBXFileReference; explicitFileType = wrapper.application; includeInIndex = 0; path = habits.app; sourceTree = BUILT_PRODUCTS_DIR; };
		DA647D7F2B04CD2E00E3C533 /* habitsApp.swift */ = {isa = PBXFileReference; lastKnownFileType = sourcecode.swift; path = habitsApp.swift; sourceTree = "<group>"; };
		DA647D812B04CD2E00E3C533 /* ContentView.swift */ = {isa = PBXFileReference; lastKnownFileType = sourcecode.swift; path = ContentView.swift; sourceTree = "<group>"; };
		DA647D832B04CD2F00E3C533 /* Assets.xcassets */ = {isa = PBXFileReference; lastKnownFileType = folder.assetcatalog; path = Assets.xcassets; sourceTree = "<group>"; };
		DA647D862B04CD2F00E3C533 /* Preview Assets.xcassets */ = {isa = PBXFileReference; lastKnownFileType = folder.assetcatalog; path = "Preview Assets.xcassets"; sourceTree = "<group>"; };
		DA647D8F2B04CE2900E3C533 /* HabitModel.swift */ = {isa = PBXFileReference; lastKnownFileType = sourcecode.swift; path = HabitModel.swift; sourceTree = "<group>"; };
		DA647D932B04DF3D00E3C533 /* EditHabitView.swift */ = {isa = PBXFileReference; lastKnownFileType = sourcecode.swift; path = EditHabitView.swift; sourceTree = "<group>"; };
		DA647D952B0628C500E3C533 /* HabitDetailView.swift */ = {isa = PBXFileReference; lastKnownFileType = sourcecode.swift; path = HabitDetailView.swift; sourceTree = "<group>"; };
		DA647D972B0B8B4E00E3C533 /* CircularProgressBarView.swift */ = {isa = PBXFileReference; lastKnownFileType = sourcecode.swift; path = CircularProgressBarView.swift; sourceTree = "<group>"; };
/* End PBXFileReference section */

/* Begin PBXFrameworksBuildPhase section */
		DA647D792B04CD2E00E3C533 /* Frameworks */ = {
			isa = PBXFrameworksBuildPhase;
			buildActionMask = 2147483647;
			files = (
			);
			runOnlyForDeploymentPostprocessing = 0;
		};
/* End PBXFrameworksBuildPhase section */

/* Begin PBXGroup section */
		DA647D732B04CD2E00E3C533 = {
			isa = PBXGroup;
			children = (
				DA647D7E2B04CD2E00E3C533 /* habits */,
				DA647D7D2B04CD2E00E3C533 /* Products */,
			);
			sourceTree = "<group>";
		};
		DA647D7D2B04CD2E00E3C533 /* Products */ = {
			isa = PBXGroup;
			children = (
				DA647D7C2B04CD2E00E3C533 /* habits.app */,
			);
			name = Products;
			sourceTree = "<group>";
		};
		DA647D7E2B04CD2E00E3C533 /* habits */ = {
			isa = PBXGroup;
			children = (
				DA647D7F2B04CD2E00E3C533 /* habitsApp.swift */,
				DA647D922B04CF3500E3C533 /* Views */,
				DA647D912B04CF2F00E3C533 /* Modles */,
				DA647D832B04CD2F00E3C533 /* Assets.xcassets */,
				DA647D852B04CD2F00E3C533 /* Preview Content */,
			);
			path = habits;
			sourceTree = "<group>";
		};
		DA647D852B04CD2F00E3C533 /* Preview Content */ = {
			isa = PBXGroup;
			children = (
				DA647D862B04CD2F00E3C533 /* Preview Assets.xcassets */,
			);
			path = "Preview Content";
			sourceTree = "<group>";
		};
		DA647D912B04CF2F00E3C533 /* Modles */ = {
			isa = PBXGroup;
			children = (
				DA647D8F2B04CE2900E3C533 /* HabitModel.swift */,
			);
			path = Modles;
			sourceTree = "<group>";
		};
		DA647D922B04CF3500E3C533 /* Views */ = {
			isa = PBXGroup;
			children = (
				DA647D972B0B8B4E00E3C533 /* CircularProgressBarView.swift */,
				DA647D932B04DF3D00E3C533 /* EditHabitView.swift */,
				DA647D812B04CD2E00E3C533 /* ContentView.swift */,
				DA647D952B0628C500E3C533 /* HabitDetailView.swift */,
			);
			path = Views;
			sourceTree = "<group>";
		};
/* End PBXGroup section */

/* Begin PBXNativeTarget section */
		DA647D7B2B04CD2E00E3C533 /* habits */ = {
			isa = PBXNativeTarget;
			buildConfigurationList = DA647D8A2B04CD2F00E3C533 /* Build configuration list for PBXNativeTarget "habits" */;
			buildPhases = (
				DA647D782B04CD2E00E3C533 /* Sources */,
				DA647D792B04CD2E00E3C533 /* Frameworks */,
				DA647D7A2B04CD2E00E3C533 /* Resources */,
			);
			buildRules = (
			);
			dependencies = (
			);
			name = habits;
			productName = habits;
			productReference = DA647D7C2B04CD2E00E3C533 /* habits.app */;
			productType = "com.apple.product-type.application";
		};
/* End PBXNativeTarget section */

/* Begin PBXProject section */
		DA647D742B04CD2E00E3C533 /* Project object */ = {
			isa = PBXProject;
			attributes = {
				BuildIndependentTargetsInParallel = 1;
				LastSwiftUpdateCheck = 1500;
				LastUpgradeCheck = 1500;
				TargetAttributes = {
					DA647D7B2B04CD2E00E3C533 = {
						CreatedOnToolsVersion = 15.0.1;
					};
				};
			};
			buildConfigurationList = DA647D772B04CD2E00E3C533 /* Build configuration list for PBXProject "habits" */;
			compatibilityVersion = "Xcode 14.0";
			developmentRegion = en;
			hasScannedForEncodings = 0;
			knownRegions = (
				en,
				Base,
			);
			mainGroup = DA647D732B04CD2E00E3C533;
			productRefGroup = DA647D7D2B04CD2E00E3C533 /* Products */;
			projectDirPath = "";
			projectRoot = "";
			targets = (
				DA647D7B2B04CD2E00E3C533 /* habits */,
			);
		};
/* End PBXProject section */

/* Begin PBXResourcesBuildPhase section */
		DA647D7A2B04CD2E00E3C533 /* Resources */ = {
			isa = PBXResourcesBuildPhase;
			buildActionMask = 2147483647;
			files = (
				DA647D872B04CD2F00E3C533 /* Preview Assets.xcassets in Resources */,
				DA647D842B04CD2F00E3C533 /* Assets.xcassets in Resources */,
			);
			runOnlyForDeploymentPostprocessing = 0;
		};
/* End PBXResourcesBuildPhase section */

/* Begin PBXSourcesBuildPhase section */
		DA647D782B04CD2E00E3C533 /* Sources */ = {
			isa = PBXSourcesBuildPhase;
			buildActionMask = 2147483647;
			files = (
				DA647D902B04CE2900E3C533 /* HabitModel.swift in Sources */,
				DA647D962B0628C500E3C533 /* HabitDetailView.swift in Sources */,
				DA647D822B04CD2E00E3C533 /* ContentView.swift in Sources */,
				DA647D802B04CD2E00E3C533 /* habitsApp.swift in Sources */,
				DA647D982B0B8B4E00E3C533 /* CircularProgressBarView.swift in Sources */,
				DA647D942B04DF3D00E3C533 /* EditHabitView.swift in Sources */,
			);
			runOnlyForDeploymentPostprocessing = 0;
		};
/* End PBXSourcesBuildPhase section */

/* Begin XCBuildConfiguration section */
		DA647D882B04CD2F00E3C533 /* Debug */ = {
			isa = XCBuildConfiguration;
			buildSettings = {
				ALWAYS_SEARCH_USER_PATHS = NO;
				ASSETCATALOG_COMPILER_GENERATE_SWIFT_ASSET_SYMBOL_EXTENSIONS = YES;
				CLANG_ANALYZER_NONNULL = YES;
				CLANG_ANALYZER_NUMBER_OBJECT_CONVERSION = YES_AGGRESSIVE;
				CLANG_CXX_LANGUAGE_STANDARD = "gnu++20";
				CLANG_ENABLE_MODULES = YES;
				CLANG_ENABLE_OBJC_ARC = YES;
				CLANG_ENABLE_OBJC_WEAK = YES;
				CLANG_WARN_BLOCK_CAPTURE_AUTORELEASING = YES;
				CLANG_WARN_BOOL_CONVERSION = YES;
				CLANG_WARN_COMMA = YES;
				CLANG_WARN_CONSTANT_CONVERSION = YES;
				CLANG_WARN_DEPRECATED_OBJC_IMPLEMENTATIONS = YES;
				CLANG_WARN_DIRECT_OBJC_ISA_USAGE = YES_ERROR;
				CLANG_WARN_DOCUMENTATION_COMMENTS = YES;
				CLANG_WARN_EMPTY_BODY = YES;
				CLANG_WARN_ENUM_CONVERSION = YES;
				CLANG_WARN_INFINITE_RECURSION = YES;
				CLANG_WARN_INT_CONVERSION = YES;
				CLANG_WARN_NON_LITERAL_NULL_CONVERSION = YES;
				CLANG_WARN_OBJC_IMPLICIT_RETAIN_SELF = YES;
				CLANG_WARN_OBJC_LITERAL_CONVERSION = YES;
				CLANG_WARN_OBJC_ROOT_CLASS = YES_ERROR;
				CLANG_WARN_QUOTED_INCLUDE_IN_FRAMEWORK_HEADER = YES;
				CLANG_WARN_RANGE_LOOP_ANALYSIS = YES;
				CLANG_WARN_STRICT_PROTOTYPES = YES;
				CLANG_WARN_SUSPICIOUS_MOVE = YES;
				CLANG_WARN_UNGUARDED_AVAILABILITY = YES_AGGRESSIVE;
				CLANG_WARN_UNREACHABLE_CODE = YES;
				CLANG_WARN__DUPLICATE_METHOD_MATCH = YES;
				COPY_PHASE_STRIP = NO;
				DEBUG_INFORMATION_FORMAT = dwarf;
				ENABLE_STRICT_OBJC_MSGSEND = YES;
				ENABLE_TESTABILITY = YES;
				ENABLE_USER_SCRIPT_SANDBOXING = YES;
				GCC_C_LANGUAGE_STANDARD = gnu17;
				GCC_DYNAMIC_NO_PIC = NO;
				GCC_NO_COMMON_BLOCKS = YES;
				GCC_OPTIMIZATION_LEVEL = 0;
				GCC_PREPROCESSOR_DEFINITIONS = (
					"DEBUG=1",
					"$(inherited)",
				);
				GCC_WARN_64_TO_32_BIT_CONVERSION = YES;
				GCC_WARN_ABOUT_RETURN_TYPE = YES_ERROR;
				GCC_WARN_UNDECLARED_SELECTOR = YES;
				GCC_WARN_UNINITIALIZED_AUTOS = YES_AGGRESSIVE;
				GCC_WARN_UNUSED_FUNCTION = YES;
				GCC_WARN_UNUSED_VARIABLE = YES;
				IPHONEOS_DEPLOYMENT_TARGET = 17.0;
				LOCALIZATION_PREFERS_STRING_CATALOGS = YES;
				MTL_ENABLE_DEBUG_INFO = INCLUDE_SOURCE;
				MTL_FAST_MATH = YES;
				ONLY_ACTIVE_ARCH = YES;
				SDKROOT = iphoneos;
				SWIFT_ACTIVE_COMPILATION_CONDITIONS = "DEBUG $(inherited)";
				SWIFT_OPTIMIZATION_LEVEL = "-Onone";
			};
			name = Debug;
		};
		DA647D892B04CD2F00E3C533 /* Release */ = {
			isa = XCBuildConfiguration;
			buildSettings = {
				ALWAYS_SEARCH_USER_PATHS = NO;
				ASSETCATALOG_COMPILER_GENERATE_SWIFT_ASSET_SYMBOL_EXTENSIONS = YES;
				CLANG_ANALYZER_NONNULL = YES;
				CLANG_ANALYZER_NUMBER_OBJECT_CONVERSION = YES_AGGRESSIVE;
				CLANG_CXX_LANGUAGE_STANDARD = "gnu++20";
				CLANG_ENABLE_MODULES = YES;
				CLANG_ENABLE_OBJC_ARC = YES;
				CLANG_ENABLE_OBJC_WEAK = YES;
				CLANG_WARN_BLOCK_CAPTURE_AUTORELEASING = YES;
				CLANG_WARN_BOOL_CONVERSION = YES;
				CLANG_WARN_COMMA = YES;
				CLANG_WARN_CONSTANT_CONVERSION = YES;
				CLANG_WARN_DEPRECATED_OBJC_IMPLEMENTATIONS = YES;
				CLANG_WARN_DIRECT_OBJC_ISA_USAGE = YES_ERROR;
				CLANG_WARN_DOCUMENTATION_COMMENTS = YES;
				CLANG_WARN_EMPTY_BODY = YES;
				CLANG_WARN_ENUM_CONVERSION = YES;
				CLANG_WARN_INFINITE_RECURSION = YES;
				CLANG_WARN_INT_CONVERSION = YES;
				CLANG_WARN_NON_LITERAL_NULL_CONVERSION = YES;
				CLANG_WARN_OBJC_IMPLICIT_RETAIN_SELF = YES;
				CLANG_WARN_OBJC_LITERAL_CONVERSION = YES;
				CLANG_WARN_OBJC_ROOT_CLASS = YES_ERROR;
				CLANG_WARN_QUOTED_INCLUDE_IN_FRAMEWORK_HEADER = YES;
				CLANG_WARN_RANGE_LOOP_ANALYSIS = YES;
				CLANG_WARN_STRICT_PROTOTYPES = YES;
				CLANG_WARN_SUSPICIOUS_MOVE = YES;
				CLANG_WARN_UNGUARDED_AVAILABILITY = YES_AGGRESSIVE;
				CLANG_WARN_UNREACHABLE_CODE = YES;
				CLANG_WARN__DUPLICATE_METHOD_MATCH = YES;
				COPY_PHASE_STRIP = NO;
				DEBUG_INFORMATION_FORMAT = "dwarf-with-dsym";
				ENABLE_NS_ASSERTIONS = NO;
				ENABLE_STRICT_OBJC_MSGSEND = YES;
				ENABLE_USER_SCRIPT_SANDBOXING = YES;
				GCC_C_LANGUAGE_STANDARD = gnu17;
				GCC_NO_COMMON_BLOCKS = YES;
				GCC_WARN_64_TO_32_BIT_CONVERSION = YES;
				GCC_WARN_ABOUT_RETURN_TYPE = YES_ERROR;
				GCC_WARN_UNDECLARED_SELECTOR = YES;
				GCC_WARN_UNINITIALIZED_AUTOS = YES_AGGRESSIVE;
				GCC_WARN_UNUSED_FUNCTION = YES;
				GCC_WARN_UNUSED_VARIABLE = YES;
				IPHONEOS_DEPLOYMENT_TARGET = 17.0;
				LOCALIZATION_PREFERS_STRING_CATALOGS = YES;
				MTL_ENABLE_DEBUG_INFO = NO;
				MTL_FAST_MATH = YES;
				SDKROOT = iphoneos;
				SWIFT_COMPILATION_MODE = wholemodule;
				VALIDATE_PRODUCT = YES;
			};
			name = Release;
		};
		DA647D8B2B04CD2F00E3C533 /* Debug */ = {
			isa = XCBuildConfiguration;
			buildSettings = {
				ASSETCATALOG_COMPILER_APPICON_NAME = AppIcon;
				ASSETCATALOG_COMPILER_GLOBAL_ACCENT_COLOR_NAME = AccentColor;
				CODE_SIGN_STYLE = Automatic;
				CURRENT_PROJECT_VERSION = 1;
				DEVELOPMENT_ASSET_PATHS = "\"habits/Preview Content\"";
				DEVELOPMENT_TEAM = M3C2V4Z3BV;
				ENABLE_PREVIEWS = YES;
				GENERATE_INFOPLIST_FILE = YES;
				INFOPLIST_KEY_UIApplicationSceneManifest_Generation = YES;
				INFOPLIST_KEY_UIApplicationSupportsIndirectInputEvents = YES;
				INFOPLIST_KEY_UILaunchScreen_Generation = YES;
				INFOPLIST_KEY_UISupportedInterfaceOrientations_iPad = "UIInterfaceOrientationPortrait UIInterfaceOrientationPortraitUpsideDown UIInterfaceOrientationLandscapeLeft UIInterfaceOrientationLandscapeRight";
				INFOPLIST_KEY_UISupportedInterfaceOrientations_iPhone = "UIInterfaceOrientationPortrait UIInterfaceOrientationLandscapeLeft UIInterfaceOrientationLandscapeRight";
				LD_RUNPATH_SEARCH_PATHS = (
					"$(inherited)",
					"@executable_path/Frameworks",
				);
				MARKETING_VERSION = 1.0;
				PRODUCT_BUNDLE_IDENTIFIER = com.paulyates.habits;
				PRODUCT_NAME = "$(TARGET_NAME)";
				SWIFT_EMIT_LOC_STRINGS = YES;
				SWIFT_VERSION = 5.0;
				TARGETED_DEVICE_FAMILY = "1,2";
			};
			name = Debug;
		};
		DA647D8C2B04CD2F00E3C533 /* Release */ = {
			isa = XCBuildConfiguration;
			buildSettings = {
				ASSETCATALOG_COMPILER_APPICON_NAME = AppIcon;
				ASSETCATALOG_COMPILER_GLOBAL_ACCENT_COLOR_NAME = AccentColor;
				CODE_SIGN_STYLE = Automatic;
				CURRENT_PROJECT_VERSION = 1;
				DEVELOPMENT_ASSET_PATHS = "\"habits/Preview Content\"";
				DEVELOPMENT_TEAM = M3C2V4Z3BV;
				ENABLE_PREVIEWS = YES;
				GENERATE_INFOPLIST_FILE = YES;
				INFOPLIST_KEY_UIApplicationSceneManifest_Generation = YES;
				INFOPLIST_KEY_UIApplicationSupportsIndirectInputEvents = YES;
				INFOPLIST_KEY_UILaunchScreen_Generation = YES;
				INFOPLIST_KEY_UISupportedInterfaceOrientations_iPad = "UIInterfaceOrientationPortrait UIInterfaceOrientationPortraitUpsideDown UIInterfaceOrientationLandscapeLeft UIInterfaceOrientationLandscapeRight";
				INFOPLIST_KEY_UISupportedInterfaceOrientations_iPhone = "UIInterfaceOrientationPortrait UIInterfaceOrientationLandscapeLeft UIInterfaceOrientationLandscapeRight";
				LD_RUNPATH_SEARCH_PATHS = (
					"$(inherited)",
					"@executable_path/Frameworks",
				);
				MARKETING_VERSION = 1.0;
				PRODUCT_BUNDLE_IDENTIFIER = com.paulyates.habits;
				PRODUCT_NAME = "$(TARGET_NAME)";
				SWIFT_EMIT_LOC_STRINGS = YES;
				SWIFT_VERSION = 5.0;
				TARGETED_DEVICE_FAMILY = "1,2";
			};
			name = Release;
		};
/* End XCBuildConfiguration section */

/* Begin XCConfigurationList section */
		DA647D772B04CD2E00E3C533 /* Build configuration list for PBXProject "habits" */ = {
			isa = XCConfigurationList;
			buildConfigurations = (
				DA647D882B04CD2F00E3C533 /* Debug */,
				DA647D892B04CD2F00E3C533 /* Release */,
			);
			defaultConfigurationIsVisible = 0;
			defaultConfigurationName = Release;
		};
		DA647D8A2B04CD2F00E3C533 /* Build configuration list for PBXNativeTarget "habits" */ = {
			isa = XCConfigurationList;
			buildConfigurations = (
				DA647D8B2B04CD2F00E3C533 /* Debug */,
				DA647D8C2B04CD2F00E3C533 /* Release */,
			);
			defaultConfigurationIsVisible = 0;
			defaultConfigurationName = Release;
		};
/* End XCConfigurationList section */
	};
	rootObject = DA647D742B04CD2E00E3C533 /* Project object */;
}
